dependencies:
- name: alloy
  repository: https://grafana.github.io/helm-charts
  version: 1.11.1
- name: alloy
  repository: https://grafana.github.io/helm-charts
  version: 1.11.1
- name: loki
  repository: oci://ghcr.io/grafana-community/helm-charts
  version: 18.11.0
- name: thanos
  repository: oci://ghcr.io/thanos-community/helm-charts
  version: 0.30.0
- name: grafana
  repository: oci://ghcr.io/grafana-community/helm-charts
  version: 12.11.1
- name: grafana-operator
  repository: oci://ghcr.io/grafana/helm-charts
  version: 5.24.0
- name: alertmanager
  repository: oci://ghcr.io/prometheus-community/charts
  version: 1.42.0
- name: kube-state-metrics
  repository: oci://ghcr.io/prometheus-community/charts
  version: 8.4.0
- name: prometheus-node-exporter
  repository: oci://ghcr.io/prometheus-community/charts
  version: 4.56.1
- name: metrics-server
  repository: https://kubernetes-sigs.github.io/metrics-server
  version: 3.14.0
digest: sha256:48bcad0aab454fc82b48af8b5657493c7d1dbee6bb1429bd3a9acace5c59c9ac
generated: "2026-08-22T02:43:18.954796805Z"
