dependencies:
- name: alloy
  repository: https://grafana.github.io/helm-charts
  version: 1.13.0
- name: alloy
  repository: https://grafana.github.io/helm-charts
  version: 1.13.0
- name: loki
  repository: oci://ghcr.io/grafana-community/helm-charts
  version: 18.11.0
- name: thanos
  repository: oci://ghcr.io/thanos-community/helm-charts
  version: 0.46.0
- name: grafana
  repository: oci://ghcr.io/grafana-community/helm-charts
  version: 12.11.2
- name: grafana-operator
  repository: oci://ghcr.io/grafana/helm-charts
  version: 5.24.0
- name: alertmanager
  repository: oci://ghcr.io/prometheus-community/charts
  version: 1.43.3
- name: kube-state-metrics
  repository: oci://ghcr.io/prometheus-community/charts
  version: 8.4.0
- name: prometheus-node-exporter
  repository: oci://ghcr.io/prometheus-community/charts
  version: 4.56.1
- name: metrics-server
  repository: https://kubernetes-sigs.github.io/metrics-server
  version: 3.14.0
digest: sha256:0a0a1be7da7c0554a421656d7c3936092be03e18050bc6feb8ebbc4e48fc97c7
generated: "2026-10-02T22:51:30.090204908Z"
