dependencies:
- name: prometheus-operator-crds
  repository: oci://ghcr.io/prometheus-community/charts
  version: 31.0.0
- name: grafana-operator-crds
  repository: ""
  version: 0.0.0
digest: sha256:279f14379bb55608a561f485a5133d9fd0ddf47e32a488436910903e32b14f4f
generated: "2026-08-08T15:03:08.335994-04:00"
