dependencies:
- name: prometheus-operator-crds
  repository: oci://ghcr.io/prometheus-community/charts
  version: 31.0.1
- name: grafana-operator-crds
  repository: ""
  version: 0.0.0
digest: sha256:b7d3a994ab89defeffe9d691213db6261dd7b8fc1241ed4a451db6e649028635
generated: "2026-10-05T13:14:01.310740776Z"
