dependencies:
- name: prometheus-operator-crds
  repository: oci://ghcr.io/prometheus-community/charts
  version: 31.0.0
- name: grafana-operator-crds
  repository: ""
  version: 0.0.0
digest: sha256:4980a8a13492a2b8d1b74723e3b80f1303f5a394dd80cda21e4fde7551896fec
generated: "2026-08-22T10:57:25.474695-04:00"
